
Microsoft Visual Studio Solution File, Format Version 12.00
# Visual Studio Version 17
VisualStudioVersion = 17.14.36603.0
MinimumVisualStudioVersion = 10.0.40219.1
Project("{9A19103F-16F7-4668-BE54-9A1E7A4F7556}") = "UniTesting", "UniTesting\UniTesting.csproj", "{1647A2EF-2CBA-4D7B-A4F2-27050041D00E}"
EndProject
Project("{9A19103F-16F7-4668-BE54-9A1E7A4F7556}") = "DBL", "DBL\DBL.csproj", "{48629269-8975-4AF2-9DC3-184E4F95F390}"
EndProject
Project("{9A19103F-16F7-4668-BE54-9A1E7A4F7556}") = "Models", "Models\Models.csproj", "{769B8945-26E8-4EC4-868C-17803C0920C5}"
EndProject
Project("{9A19103F-16F7-4668-BE54-9A1E7A4F7556}") = "WebsiteApp", "WebsiteApp\WebsiteApp.csproj", "{E5E54E02-A872-4076-A3CA-618047B3A564}"
EndProject
Global
	GlobalSection(SolutionConfigurationPlatforms) = preSolution
		Debug|Any CPU = Debug|Any CPU
		Release|Any CPU = Release|Any CPU
	EndGlobalSection
	GlobalSection(ProjectConfigurationPlatforms) = postSolution
		{1647A2EF-2CBA-4D7B-A4F2-27050041D00E}.Debug|Any CPU.ActiveCfg = Debug|Any CPU
		{1647A2EF-2CBA-4D7B-A4F2-27050041D00E}.Debug|Any CPU.Build.0 = Debug|Any CPU
		{1647A2EF-2CBA-4D7B-A4F2-27050041D00E}.Release|Any CPU.ActiveCfg = Release|Any CPU
		{1647A2EF-2CBA-4D7B-A4F2-27050041D00E}.Release|Any CPU.Build.0 = Release|Any CPU
		{48629269-8975-4AF2-9DC3-184E4F95F390}.Debug|Any CPU.ActiveCfg = Debug|Any CPU
		{48629269-8975-4AF2-9DC3-184E4F95F390}.Debug|Any CPU.Build.0 = Debug|Any CPU
		{48629269-8975-4AF2-9DC3-184E4F95F390}.Release|Any CPU.ActiveCfg = Release|Any CPU
		{48629269-8975-4AF2-9DC3-184E4F95F390}.Release|Any CPU.Build.0 = Release|Any CPU
		{769B8945-26E8-4EC4-868C-17803C0920C5}.Debug|Any CPU.ActiveCfg = Debug|Any CPU
		{769B8945-26E8-4EC4-868C-17803C0920C5}.Debug|Any CPU.Build.0 = Debug|Any CPU
		{769B8945-26E8-4EC4-868C-17803C0920C5}.Release|Any CPU.ActiveCfg = Release|Any CPU
		{769B8945-26E8-4EC4-868C-17803C0920C5}.Release|Any CPU.Build.0 = Release|Any CPU
		{E5E54E02-A872-4076-A3CA-618047B3A564}.Debug|Any CPU.ActiveCfg = Debug|Any CPU
		{E5E54E02-A872-4076-A3CA-618047B3A564}.Debug|Any CPU.Build.0 = Debug|Any CPU
		{E5E54E02-A872-4076-A3CA-618047B3A564}.Release|Any CPU.ActiveCfg = Release|Any CPU
		{E5E54E02-A872-4076-A3CA-618047B3A564}.Release|Any CPU.Build.0 = Release|Any CPU
	EndGlobalSection
	GlobalSection(SolutionProperties) = preSolution
		HideSolutionNode = FALSE
	EndGlobalSection
	GlobalSection(ExtensibilityGlobals) = postSolution
		SolutionGuid = {22092AE8-1D9E-4AC2-A660-39F0FC2C3998}
	EndGlobalSection
EndGlobal
